
Microsoft Visual Studio Solution File, Format Version 12.00
# Visual Studio Version 16
VisualStudioVersion = 16.0.31515.178
MinimumVisualStudioVersion = 10.0.40219.1
Project("{FAE04EC0-301F-11D3-BF4B-00C04F79EFBC}") = "MyBrand", "MyBrand\MyBrand.csproj", "{40C08832-B3DD-41B7-BD1C-2ADDA69DF87B}"
EndProject
Global
	GlobalSection(SolutionConfigurationPlatforms) = preSolution
		Debug|Any CPU = Debug|Any CPU
		Release|Any CPU = Release|Any CPU
	EndGlobalSection
	GlobalSection(ProjectConfigurationPlatforms) = postSolution
		{40C08832-B3DD-41B7-BD1C-2ADDA69DF87B}.Debug|Any CPU.ActiveCfg = Debug|Any CPU
		{40C08832-B3DD-41B7-BD1C-2ADDA69DF87B}.Debug|Any CPU.Build.0 = Debug|Any CPU
		{40C08832-B3DD-41B7-BD1C-2ADDA69DF87B}.Release|Any CPU.ActiveCfg = Release|Any CPU
		{40C08832-B3DD-41B7-BD1C-2ADDA69DF87B}.Release|Any CPU.Build.0 = Release|Any CPU
	EndGlobalSection
	GlobalSection(SolutionProperties) = preSolution
		HideSolutionNode = FALSE
	EndGlobalSection
	GlobalSection(ExtensibilityGlobals) = postSolution
		SolutionGuid = {F8EF2FE1-3B77-4B6B-876D-2AF0B2BC0CC1}
	EndGlobalSection
EndGlobal
